
Microsoft Visual Studio Solution File, Format Version 12.00
# Visual Studio Version 16
VisualStudioVersion = 16.0.29519.87
MinimumVisualStudioVersion = 10.0.40219.1
Project("{FAE04EC0-301F-11D3-BF4B-00C04F79EFBC}") = "tempConvert", "tempConvert.csproj", "{50EB585B-6B1E-4D6D-B33D-6F78AD3077F1}"
EndProject
Global
	GlobalSection(SolutionConfigurationPlatforms) = preSolution
		Debug|Any CPU = Debug|Any CPU
		Release|Any CPU = Release|Any CPU
	EndGlobalSection
	GlobalSection(ProjectConfigurationPlatforms) = postSolution
		{50EB585B-6B1E-4D6D-B33D-6F78AD3077F1}.Debug|Any CPU.ActiveCfg = Debug|Any CPU
		{50EB585B-6B1E-4D6D-B33D-6F78AD3077F1}.Debug|Any CPU.Build.0 = Debug|Any CPU
		{50EB585B-6B1E-4D6D-B33D-6F78AD3077F1}.Release|Any CPU.ActiveCfg = Release|Any CPU
		{50EB585B-6B1E-4D6D-B33D-6F78AD3077F1}.Release|Any CPU.Build.0 = Release|Any CPU
	EndGlobalSection
	GlobalSection(SolutionProperties) = preSolution
		HideSolutionNode = FALSE
	EndGlobalSection
	GlobalSection(ExtensibilityGlobals) = postSolution
		SolutionGuid = {DFC09B0B-AA42-4255-9DDE-49F84853E7EC}
	EndGlobalSection
EndGlobal
